// !$*UTF8*$!
{
	archiveVersion = 1;
	classes = {
	};
	objectVersion = 56;
	objects = {

/* Begin PBXBuildFile section */
		CC64EAEE2B93698B00C171CD /* MapSUIApp.swift in Sources */ = {isa = PBXBuildFile; fileRef = CC64EAED2B93698B00C171CD /* MapSUIApp.swift */; };
		CC64EAF02B93698B00C171CD /* ContentView.swift in Sources */ = {isa = PBXBuildFile; fileRef = CC64EAEF2B93698B00C171CD /* ContentView.swift */; };
		CC64EAF52B93698C00C171CD /* Preview Assets.xcassets in Resources */ = {isa = PBXBuildFile; fileRef = CC64EAF42B93698C00C171CD /* Preview Assets.xcassets */; };
		CC64EAFC2B936A1300C171CD /* Assets.xcassets in Resources */ = {isa = PBXBuildFile; fileRef = CC64EAFB2B936A1300C171CD /* Assets.xcassets */; };
		CC64EB012B936B8400C171CD /* Location.swift in Sources */ = {isa = PBXBuildFile; fileRef = CC64EB002B936B8400C171CD /* Location.swift */; };
		CC64EB042B936C5D00C171CD /* LocationsDataService.swift in Sources */ = {isa = PBXBuildFile; fileRef = CC64EB032B936C5D00C171CD /* LocationsDataService.swift */; };
		CC64EB062B93940D00C171CD /* LocationsView.swift in Sources */ = {isa = PBXBuildFile; fileRef = CC64EB052B93940D00C171CD /* LocationsView.swift */; };
		CC64EB082B93972900C171CD /* LocationsViewModel.swift in Sources */ = {isa = PBXBuildFile; fileRef = CC64EB072B93972900C171CD /* LocationsViewModel.swift */; };
		CCCE9BA42B94E32C002446B7 /* LocationsListView.swift in Sources */ = {isa = PBXBuildFile; fileRef = CCCE9BA32B94E32C002446B7 /* LocationsListView.swift */; };
		CCCE9BA62B94FFD5002446B7 /* LocationPreviewView.swift in Sources */ = {isa = PBXBuildFile; fileRef = CCCE9BA52B94FFD5002446B7 /* LocationPreviewView.swift */; };
		CCF3448F2B964FAF000E949C /* LocationMapAnnotationView.swift in Sources */ = {isa = PBXBuildFile; fileRef = CCF3448E2B964FAF000E949C /* LocationMapAnnotationView.swift */; };
		CCF344912B96546C000E949C /* LocationDetailView.swift in Sources */ = {isa = PBXBuildFile; fileRef = CCF344902B96546C000E949C /* LocationDetailView.swift */; };
/* End PBXBuildFile section */

/* Begin PBXFileReference section */
		CC64EAEA2B93698B00C171CD /* MapApp.app */ = {isa = PBXFileReference; explicitFileType = wrapper.application; includeInIndex = 0; path = MapApp.app; sourceTree = BUILT_PRODUCTS_DIR; };
		CC64EAED2B93698B00C171CD /* MapSUIApp.swift */ = {isa = PBXFileReference; lastKnownFileType = sourcecode.swift; path = MapSUIApp.swift; sourceTree = "<group>"; };
		CC64EAEF2B93698B00C171CD /* ContentView.swift */ = {isa = PBXFileReference; lastKnownFileType = sourcecode.swift; path = ContentView.swift; sourceTree = "<group>"; };
		CC64EAF42B93698C00C171CD /* Preview Assets.xcassets */ = {isa = PBXFileReference; lastKnownFileType = folder.assetcatalog; path = "Preview Assets.xcassets"; sourceTree = "<group>"; };
		CC64EAFB2B936A1300C171CD /* Assets.xcassets */ = {isa = PBXFileReference; lastKnownFileType = folder.assetcatalog; path = Assets.xcassets; sourceTree = "<group>"; };
		CC64EB002B936B8400C171CD /* Location.swift */ = {isa = PBXFileReference; lastKnownFileType = sourcecode.swift; path = Location.swift; sourceTree = "<group>"; };
		CC64EB032B936C5D00C171CD /* LocationsDataService.swift */ = {isa = PBXFileReference; fileEncoding = 4; lastKnownFileType = sourcecode.swift; path = LocationsDataService.swift; sourceTree = "<group>"; };
		CC64EB052B93940D00C171CD /* LocationsView.swift */ = {isa = PBXFileReference; lastKnownFileType = sourcecode.swift; path = LocationsView.swift; sourceTree = "<group>"; };
		CC64EB072B93972900C171CD /* LocationsViewModel.swift */ = {isa = PBXFileReference; lastKnownFileType = sourcecode.swift; path = LocationsViewModel.swift; sourceTree = "<group>"; };
		CCCE9BA32B94E32C002446B7 /* LocationsListView.swift */ = {isa = PBXFileReference; lastKnownFileType = sourcecode.swift; path = LocationsListView.swift; sourceTree = "<group>"; };
		CCCE9BA52B94FFD5002446B7 /* LocationPreviewView.swift */ = {isa = PBXFileReference; lastKnownFileType = sourcecode.swift; path = LocationPreviewView.swift; sourceTree = "<group>"; };
		CCF3448E2B964FAF000E949C /* LocationMapAnnotationView.swift */ = {isa = PBXFileReference; lastKnownFileType = sourcecode.swift; path = LocationMapAnnotationView.swift; sourceTree = "<group>"; };
		CCF344902B96546C000E949C /* LocationDetailView.swift */ = {isa = PBXFileReference; lastKnownFileType = sourcecode.swift; path = LocationDetailView.swift; sourceTree = "<group>"; };
/* End PBXFileReference section */

/* Begin PBXFrameworksBuildPhase section */
		CC64EAE72B93698B00C171CD /* Frameworks */ = {
			isa = PBXFrameworksBuildPhase;
			buildActionMask = 2147483647;
			files = (
			);
			runOnlyForDeploymentPostprocessing = 0;
		};
/* End PBXFrameworksBuildPhase section */

/* Begin PBXGroup section */
		CC64EAE12B93698B00C171CD = {
			isa = PBXGroup;
			children = (
				CC64EAEC2B93698B00C171CD /* MapApp */,
				CC64EAEB2B93698B00C171CD /* Products */,
			);
			sourceTree = "<group>";
		};
		CC64EAEB2B93698B00C171CD /* Products */ = {
			isa = PBXGroup;
			children = (
				CC64EAEA2B93698B00C171CD /* MapApp.app */,
			);
			name = Products;
			sourceTree = "<group>";
		};
		CC64EAEC2B93698B00C171CD /* MapApp */ = {
			isa = PBXGroup;
			children = (
				CC64EAFB2B936A1300C171CD /* Assets.xcassets */,
				CC64EAED2B93698B00C171CD /* MapSUIApp.swift */,
				CC64EAEF2B93698B00C171CD /* ContentView.swift */,
				CC64EB022B936C4100C171CD /* DataServices */,
				CC64EAFD2B936B3000C171CD /* Models */,
				CC64EAFE2B936B3700C171CD /* Views */,
				CC64EAFF2B936B3C00C171CD /* ViewModels */,
				CC64EAF32B93698C00C171CD /* Preview Content */,
			);
			path = MapApp;
			sourceTree = "<group>";
		};
		CC64EAF32B93698C00C171CD /* Preview Content */ = {
			isa = PBXGroup;
			children = (
				CC64EAF42B93698C00C171CD /* Preview Assets.xcassets */,
			);
			path = "Preview Content";
			sourceTree = "<group>";
		};
		CC64EAFD2B936B3000C171CD /* Models */ = {
			isa = PBXGroup;
			children = (
				CC64EB002B936B8400C171CD /* Location.swift */,
			);
			path = Models;
			sourceTree = "<group>";
		};
		CC64EAFE2B936B3700C171CD /* Views */ = {
			isa = PBXGroup;
			children = (
				CC64EB052B93940D00C171CD /* LocationsView.swift */,
				CCF344902B96546C000E949C /* LocationDetailView.swift */,
				CCCE9BA52B94FFD5002446B7 /* LocationPreviewView.swift */,
				CCF3448E2B964FAF000E949C /* LocationMapAnnotationView.swift */,
				CCCE9BA32B94E32C002446B7 /* LocationsListView.swift */,
			);
			path = Views;
			sourceTree = "<group>";
		};
		CC64EAFF2B936B3C00C171CD /* ViewModels */ = {
			isa = PBXGroup;
			children = (
				CC64EB072B93972900C171CD /* LocationsViewModel.swift */,
			);
			path = ViewModels;
			sourceTree = "<group>";
		};
		CC64EB022B936C4100C171CD /* DataServices */ = {
			isa = PBXGroup;
			children = (
				CC64EB032B936C5D00C171CD /* LocationsDataService.swift */,
			);
			path = DataServices;
			sourceTree = "<group>";
		};
/* End PBXGroup section */

/* Begin PBXNativeTarget section */
		CC64EAE92B93698B00C171CD /* MapApp */ = {
			isa = PBXNativeTarget;
			buildConfigurationList = CC64EAF82B93698C00C171CD /* Build configuration list for PBXNativeTarget "MapApp" */;
			buildPhases = (
				CC64EAE62B93698B00C171CD /* Sources */,
				CC64EAE72B93698B00C171CD /* Frameworks */,
				CC64EAE82B93698B00C171CD /* Resources */,
			);
			buildRules = (
			);
			dependencies = (
			);
			name = MapApp;
			productName = MapApp;
			productReference = CC64EAEA2B93698B00C171CD /* MapApp.app */;
			productType = "com.apple.product-type.application";
		};
/* End PBXNativeTarget section */

/* Begin PBXProject section */
		CC64EAE22B93698B00C171CD /* Project object */ = {
			isa = PBXProject;
			attributes = {
				BuildIndependentTargetsInParallel = 1;
				LastSwiftUpdateCheck = 1520;
				LastUpgradeCheck = 1520;
				TargetAttributes = {
					CC64EAE92B93698B00C171CD = {
						CreatedOnToolsVersion = 15.2;
					};
				};
			};
			buildConfigurationList = CC64EAE52B93698B00C171CD /* Build configuration list for PBXProject "MapApp" */;
			compatibilityVersion = "Xcode 14.0";
			developmentRegion = en;
			hasScannedForEncodings = 0;
			knownRegions = (
				en,
				Base,
			);
			mainGroup = CC64EAE12B93698B00C171CD;
			productRefGroup = CC64EAEB2B93698B00C171CD /* Products */;
			projectDirPath = "";
			projectRoot = "";
			targets = (
				CC64EAE92B93698B00C171CD /* MapApp */,
			);
		};
/* End PBXProject section */

/* Begin PBXResourcesBuildPhase section */
		CC64EAE82B93698B00C171CD /* Resources */ = {
			isa = PBXResourcesBuildPhase;
			buildActionMask = 2147483647;
			files = (
				CC64EAFC2B936A1300C171CD /* Assets.xcassets in Resources */,
				CC64EAF52B93698C00C171CD /* Preview Assets.xcassets in Resources */,
			);
			runOnlyForDeploymentPostprocessing = 0;
		};
/* End PBXResourcesBuildPhase section */

/* Begin PBXSourcesBuildPhase section */
		CC64EAE62B93698B00C171CD /* Sources */ = {
			isa = PBXSourcesBuildPhase;
			buildActionMask = 2147483647;
			files = (
				CC64EB042B936C5D00C171CD /* LocationsDataService.swift in Sources */,
				CCF3448F2B964FAF000E949C /* LocationMapAnnotationView.swift in Sources */,
				CCCE9BA42B94E32C002446B7 /* LocationsListView.swift in Sources */,
				CCCE9BA62B94FFD5002446B7 /* LocationPreviewView.swift in Sources */,
				CC64EB082B93972900C171CD /* LocationsViewModel.swift in Sources */,
				CC64EAF02B93698B00C171CD /* ContentView.swift in Sources */,
				CC64EB062B93940D00C171CD /* LocationsView.swift in Sources */,
				CC64EB012B936B8400C171CD /* Location.swift in Sources */,
				CCF344912B96546C000E949C /* LocationDetailView.swift in Sources */,
				CC64EAEE2B93698B00C171CD /* MapSUIApp.swift in Sources */,
			);
			runOnlyForDeploymentPostprocessing = 0;
		};
/* End PBXSourcesBuildPhase section */

/* Begin XCBuildConfiguration section */
		CC64EAF62B93698C00C171CD /* Debug */ = {
			isa = XCBuildConfiguration;
			buildSettings = {
				ALWAYS_SEARCH_USER_PATHS = NO;
				ASSETCATALOG_COMPILER_GENERATE_SWIFT_ASSET_SYMBOL_EXTENSIONS = YES;
				CLANG_ANALYZER_NONNULL = YES;
				CLANG_ANALYZER_NUMBER_OBJECT_CONVERSION = YES_AGGRESSIVE;
				CLANG_CXX_LANGUAGE_STANDARD = "gnu++20";
				CLANG_ENABLE_MODULES = YES;
				CLANG_ENABLE_OBJC_ARC = YES;
				CLANG_ENABLE_OBJC_WEAK = YES;
				CLANG_WARN_BLOCK_CAPTURE_AUTORELEASING = YES;
				CLANG_WARN_BOOL_CONVERSION = YES;
				CLANG_WARN_COMMA = YES;
				CLANG_WARN_CONSTANT_CONVERSION = YES;
				CLANG_WARN_DEPRECATED_OBJC_IMPLEMENTATIONS = YES;
				CLANG_WARN_DIRECT_OBJC_ISA_USAGE = YES_ERROR;
				CLANG_WARN_DOCUMENTATION_COMMENTS = YES;
				CLANG_WARN_EMPTY_BODY = YES;
				CLANG_WARN_ENUM_CONVERSION = YES;
				CLANG_WARN_INFINITE_RECURSION = YES;
				CLANG_WARN_INT_CONVERSION = YES;
				CLANG_WARN_NON_LITERAL_NULL_CONVERSION = YES;
				CLANG_WARN_OBJC_IMPLICIT_RETAIN_SELF = YES;
				CLANG_WARN_OBJC_LITERAL_CONVERSION = YES;
				CLANG_WARN_OBJC_ROOT_CLASS = YES_ERROR;
				CLANG_WARN_QUOTED_INCLUDE_IN_FRAMEWORK_HEADER = YES;
				CLANG_WARN_RANGE_LOOP_ANALYSIS = YES;
				CLANG_WARN_STRICT_PROTOTYPES = YES;
				CLANG_WARN_SUSPICIOUS_MOVE = YES;
				CLANG_WARN_UNGUARDED_AVAILABILITY = YES_AGGRESSIVE;
				CLANG_WARN_UNREACHABLE_CODE = YES;
				CLANG_WARN__DUPLICATE_METHOD_MATCH = YES;
				COPY_PHASE_STRIP = NO;
				DEBUG_INFORMATION_FORMAT = dwarf;
				ENABLE_STRICT_OBJC_MSGSEND = YES;
				ENABLE_TESTABILITY = YES;
				ENABLE_USER_SCRIPT_SANDBOXING = YES;
				GCC_C_LANGUAGE_STANDARD = gnu17;
				GCC_DYNAMIC_NO_PIC = NO;
				GCC_NO_COMMON_BLOCKS = YES;
				GCC_OPTIMIZATION_LEVEL = 0;
				GCC_PREPROCESSOR_DEFINITIONS = (
					"DEBUG=1",
					"$(inherited)",
				);
				GCC_WARN_64_TO_32_BIT_CONVERSION = YES;
				GCC_WARN_ABOUT_RETURN_TYPE = YES_ERROR;
				GCC_WARN_UNDECLARED_SELECTOR = YES;
				GCC_WARN_UNINITIALIZED_AUTOS = YES_AGGRESSIVE;
				GCC_WARN_UNUSED_FUNCTION = YES;
				GCC_WARN_UNUSED_VARIABLE = YES;
				IPHONEOS_DEPLOYMENT_TARGET = 17.2;
				LOCALIZATION_PREFERS_STRING_CATALOGS = YES;
				MTL_ENABLE_DEBUG_INFO = INCLUDE_SOURCE;
				MTL_FAST_MATH = YES;
				ONLY_ACTIVE_ARCH = YES;
				SDKROOT = iphoneos;
				SWIFT_ACTIVE_COMPILATION_CONDITIONS = "DEBUG $(inherited)";
				SWIFT_OPTIMIZATION_LEVEL = "-Onone";
			};
			name = Debug;
		};
		CC64EAF72B93698C00C171CD /* Release */ = {
			isa = XCBuildConfiguration;
			buildSettings = {
				ALWAYS_SEARCH_USER_PATHS = NO;
				ASSETCATALOG_COMPILER_GENERATE_SWIFT_ASSET_SYMBOL_EXTENSIONS = YES;
				CLANG_ANALYZER_NONNULL = YES;
				CLANG_ANALYZER_NUMBER_OBJECT_CONVERSION = YES_AGGRESSIVE;
				CLANG_CXX_LANGUAGE_STANDARD = "gnu++20";
				CLANG_ENABLE_MODULES = YES;
				CLANG_ENABLE_OBJC_ARC = YES;
				CLANG_ENABLE_OBJC_WEAK = YES;
				CLANG_WARN_BLOCK_CAPTURE_AUTORELEASING = YES;
				CLANG_WARN_BOOL_CONVERSION = YES;
				CLANG_WARN_COMMA = YES;
				CLANG_WARN_CONSTANT_CONVERSION = YES;
				CLANG_WARN_DEPRECATED_OBJC_IMPLEMENTATIONS = YES;
				CLANG_WARN_DIRECT_OBJC_ISA_USAGE = YES_ERROR;
				CLANG_WARN_DOCUMENTATION_COMMENTS = YES;
				CLANG_WARN_EMPTY_BODY = YES;
				CLANG_WARN_ENUM_CONVERSION = YES;
				CLANG_WARN_INFINITE_RECURSION = YES;
				CLANG_WARN_INT_CONVERSION = YES;
				CLANG_WARN_NON_LITERAL_NULL_CONVERSION = YES;
				CLANG_WARN_OBJC_IMPLICIT_RETAIN_SELF = YES;
				CLANG_WARN_OBJC_LITERAL_CONVERSION = YES;
				CLANG_WARN_OBJC_ROOT_CLASS = YES_ERROR;
				CLANG_WARN_QUOTED_INCLUDE_IN_FRAMEWORK_HEADER = YES;
				CLANG_WARN_RANGE_LOOP_ANALYSIS = YES;
				CLANG_WARN_STRICT_PROTOTYPES = YES;
				CLANG_WARN_SUSPICIOUS_MOVE = YES;
				CLANG_WARN_UNGUARDED_AVAILABILITY = YES_AGGRESSIVE;
				CLANG_WARN_UNREACHABLE_CODE = YES;
				CLANG_WARN__DUPLICATE_METHOD_MATCH = YES;
				COPY_PHASE_STRIP = NO;
				DEBUG_INFORMATION_FORMAT = "dwarf-with-dsym";
				ENABLE_NS_ASSERTIONS = NO;
				ENABLE_STRICT_OBJC_MSGSEND = YES;
				ENABLE_USER_SCRIPT_SANDBOXING = YES;
				GCC_C_LANGUAGE_STANDARD = gnu17;
				GCC_NO_COMMON_BLOCKS = YES;
				GCC_WARN_64_TO_32_BIT_CONVERSION = YES;
				GCC_WARN_ABOUT_RETURN_TYPE = YES_ERROR;
				GCC_WARN_UNDECLARED_SELECTOR = YES;
				GCC_WARN_UNINITIALIZED_AUTOS = YES_AGGRESSIVE;
				GCC_WARN_UNUSED_FUNCTION = YES;
				GCC_WARN_UNUSED_VARIABLE = YES;
				IPHONEOS_DEPLOYMENT_TARGET = 17.2;
				LOCALIZATION_PREFERS_STRING_CATALOGS = YES;
				MTL_ENABLE_DEBUG_INFO = NO;
				MTL_FAST_MATH = YES;
				SDKROOT = iphoneos;
				SWIFT_COMPILATION_MODE = wholemodule;
				VALIDATE_PRODUCT = YES;
			};
			name = Release;
		};
		CC64EAF92B93698C00C171CD /* Debug */ = {
			isa = XCBuildConfiguration;
			buildSettings = {
				ASSETCATALOG_COMPILER_APPICON_NAME = AppIcon;
				ASSETCATALOG_COMPILER_GLOBAL_ACCENT_COLOR_NAME = AccentColor;
				CODE_SIGN_STYLE = Automatic;
				CURRENT_PROJECT_VERSION = 1;
				DEVELOPMENT_ASSET_PATHS = "\"MapApp/Preview Content\"";
				DEVELOPMENT_TEAM = 54N6649P4C;
				ENABLE_PREVIEWS = YES;
				GENERATE_INFOPLIST_FILE = YES;
				INFOPLIST_KEY_UIApplicationSceneManifest_Generation = YES;
				INFOPLIST_KEY_UIApplicationSupportsIndirectInputEvents = YES;
				INFOPLIST_KEY_UILaunchScreen_Generation = YES;
				INFOPLIST_KEY_UISupportedInterfaceOrientations_iPad = "UIInterfaceOrientationPortrait UIInterfaceOrientationPortraitUpsideDown UIInterfaceOrientationLandscapeLeft UIInterfaceOrientationLandscapeRight";
				INFOPLIST_KEY_UISupportedInterfaceOrientations_iPhone = "UIInterfaceOrientationPortrait UIInterfaceOrientationLandscapeLeft UIInterfaceOrientationLandscapeRight";
				LD_RUNPATH_SEARCH_PATHS = (
					"$(inherited)",
					"@executable_path/Frameworks",
				);
				MARKETING_VERSION = 1.0;
				PRODUCT_BUNDLE_IDENTIFIER = mikhail.chernyshov.com.MapApp;
				PRODUCT_NAME = "$(TARGET_NAME)";
				SWIFT_EMIT_LOC_STRINGS = YES;
				SWIFT_VERSION = 5.0;
				TARGETED_DEVICE_FAMILY = "1,2";
			};
			name = Debug;
		};
		CC64EAFA2B93698C00C171CD /* Release */ = {
			isa = XCBuildConfiguration;
			buildSettings = {
				ASSETCATALOG_COMPILER_APPICON_NAME = AppIcon;
				ASSETCATALOG_COMPILER_GLOBAL_ACCENT_COLOR_NAME = AccentColor;
				CODE_SIGN_STYLE = Automatic;
				CURRENT_PROJECT_VERSION = 1;
				DEVELOPMENT_ASSET_PATHS = "\"MapApp/Preview Content\"";
				DEVELOPMENT_TEAM = 54N6649P4C;
				ENABLE_PREVIEWS = YES;
				GENERATE_INFOPLIST_FILE = YES;
				INFOPLIST_KEY_UIApplicationSceneManifest_Generation = YES;
				INFOPLIST_KEY_UIApplicationSupportsIndirectInputEvents = YES;
				INFOPLIST_KEY_UILaunchScreen_Generation = YES;
				INFOPLIST_KEY_UISupportedInterfaceOrientations_iPad = "UIInterfaceOrientationPortrait UIInterfaceOrientationPortraitUpsideDown UIInterfaceOrientationLandscapeLeft UIInterfaceOrientationLandscapeRight";
				INFOPLIST_KEY_UISupportedInterfaceOrientations_iPhone = "UIInterfaceOrientationPortrait UIInterfaceOrientationLandscapeLeft UIInterfaceOrientationLandscapeRight";
				LD_RUNPATH_SEARCH_PATHS = (
					"$(inherited)",
					"@executable_path/Frameworks",
				);
				MARKETING_VERSION = 1.0;
				PRODUCT_BUNDLE_IDENTIFIER = mikhail.chernyshov.com.MapApp;
				PRODUCT_NAME = "$(TARGET_NAME)";
				SWIFT_EMIT_LOC_STRINGS = YES;
				SWIFT_VERSION = 5.0;
				TARGETED_DEVICE_FAMILY = "1,2";
			};
			name = Release;
		};
/* End XCBuildConfiguration section */

/* Begin XCConfigurationList section */
		CC64EAE52B93698B00C171CD /* Build configuration list for PBXProject "MapApp" */ = {
			isa = XCConfigurationList;
			buildConfigurations = (
				CC64EAF62B93698C00C171CD /* Debug */,
				CC64EAF72B93698C00C171CD /* Release */,
			);
			defaultConfigurationIsVisible = 0;
			defaultConfigurationName = Release;
		};
		CC64EAF82B93698C00C171CD /* Build configuration list for PBXNativeTarget "MapApp" */ = {
			isa = XCConfigurationList;
			buildConfigurations = (
				CC64EAF92B93698C00C171CD /* Debug */,
				CC64EAFA2B93698C00C171CD /* Release */,
			);
			defaultConfigurationIsVisible = 0;
			defaultConfigurationName = Release;
		};
/* End XCConfigurationList section */
	};
	rootObject = CC64EAE22B93698B00C171CD /* Project object */;
}
